// !$*UTF8*$!
{
	archiveVersion = 1;
	classes = {
	};
	objectVersion = 46;
	objects = {

/* Begin PBXBuildFile section */
		4F3211F51D6F227500D4E7A5 /* AxesDrawer.swift in Sources */ = {isa = PBXBuildFile; fileRef = 4F3211F41D6F227500D4E7A5 /* AxesDrawer.swift */; };
		4FADF3B01D61ED3F00C9550A /* AppDelegate.swift in Sources */ = {isa = PBXBuildFile; fileRef = 4FADF3AF1D61ED3F00C9550A /* AppDelegate.swift */; };
		4FADF3B21D61ED3F00C9550A /* ViewController.swift in Sources */ = {isa = PBXBuildFile; fileRef = 4FADF3B11D61ED3F00C9550A /* ViewController.swift */; };
		4FADF3B51D61ED3F00C9550A /* Main.storyboard in Resources */ = {isa = PBXBuildFile; fileRef = 4FADF3B31D61ED3F00C9550A /* Main.storyboard */; };
		4FADF3B71D61ED3F00C9550A /* Assets.xcassets in Resources */ = {isa = PBXBuildFile; fileRef = 4FADF3B61D61ED3F00C9550A /* Assets.xcassets */; };
		4FADF3BA1D61ED3F00C9550A /* LaunchScreen.storyboard in Resources */ = {isa = PBXBuildFile; fileRef = 4FADF3B81D61ED3F00C9550A /* LaunchScreen.storyboard */; };
		4FADF3C31D62FADF00C9550A /* CalculatorBrain.swift in Sources */ = {isa = PBXBuildFile; fileRef = 4FADF3C21D62FADF00C9550A /* CalculatorBrain.swift */; };
/* End PBXBuildFile section */

/* Begin PBXFileReference section */
		4F3211F41D6F227500D4E7A5 /* AxesDrawer.swift */ = {isa = PBXFileReference; fileEncoding = 4; lastKnownFileType = sourcecode.swift; path = AxesDrawer.swift; sourceTree = "<group>"; };
		4FADF3AC1D61ED3F00C9550A /* Calculator.app */ = {isa = PBXFileReference; explicitFileType = wrapper.application; includeInIndex = 0; path = Calculator.app; sourceTree = BUILT_PRODUCTS_DIR; };
		4FADF3AF1D61ED3F00C9550A /* AppDelegate.swift */ = {isa = PBXFileReference; lastKnownFileType = sourcecode.swift; path = AppDelegate.swift; sourceTree = "<group>"; };
		4FADF3B11D61ED3F00C9550A /* ViewController.swift */ = {isa = PBXFileReference; lastKnownFileType = sourcecode.swift; path = ViewController.swift; sourceTree = "<group>"; };
		4FADF3B41D61ED3F00C9550A /* Base */ = {isa = PBXFileReference; lastKnownFileType = file.storyboard; name = Base; path = Base.lproj/Main.storyboard; sourceTree = "<group>"; };
		4FADF3B61D61ED3F00C9550A /* Assets.xcassets */ = {isa = PBXFileReference; lastKnownFileType = folder.assetcatalog; path = Assets.xcassets; sourceTree = "<group>"; };
		4FADF3B91D61ED3F00C9550A /* Base */ = {isa = PBXFileReference; lastKnownFileType = file.storyboard; name = Base; path = Base.lproj/LaunchScreen.storyboard; sourceTree = "<group>"; };
		4FADF3BB1D61ED3F00C9550A /* Info.plist */ = {isa = PBXFileReference; lastKnownFileType = text.plist.xml; path = Info.plist; sourceTree = "<group>"; };
		4FADF3C21D62FADF00C9550A /* CalculatorBrain.swift */ = {isa = PBXFileReference; fileEncoding = 4; lastKnownFileType = sourcecode.swift; path = CalculatorBrain.swift; sourceTree = "<group>"; };
/* End PBXFileReference section */

/* Begin PBXFrameworksBuildPhase section */
		4FADF3A91D61ED3F00C9550A /* Frameworks */ = {
			isa = PBXFrameworksBuildPhase;
			buildActionMask = 2147483647;
			files = (
			);
			runOnlyForDeploymentPostprocessing = 0;
		};
/* End PBXFrameworksBuildPhase section */

/* Begin PBXGroup section */
		4FADF3A31D61ED3F00C9550A = {
			isa = PBXGroup;
			children = (
				4FADF3AE1D61ED3F00C9550A /* Calculator */,
				4FADF3AD1D61ED3F00C9550A /* Products */,
			);
			sourceTree = "<group>";
		};
		4FADF3AD1D61ED3F00C9550A /* Products */ = {
			isa = PBXGroup;
			children = (
				4FADF3AC1D61ED3F00C9550A /* Calculator.app */,
			);
			name = Products;
			sourceTree = "<group>";
		};
		4FADF3AE1D61ED3F00C9550A /* Calculator */ = {
			isa = PBXGroup;
			children = (
				4FADF3C11D61EEF000C9550A /* Support Files */,
				4FADF3B11D61ED3F00C9550A /* ViewController.swift */,
				4FADF3B31D61ED3F00C9550A /* Main.storyboard */,
				4FADF3C21D62FADF00C9550A /* CalculatorBrain.swift */,
				4F3211F41D6F227500D4E7A5 /* AxesDrawer.swift */,
			);
			path = Calculator;
			sourceTree = "<group>";
		};
		4FADF3C11D61EEF000C9550A /* Support Files */ = {
			isa = PBXGroup;
			children = (
				4FADF3AF1D61ED3F00C9550A /* AppDelegate.swift */,
				4FADF3B61D61ED3F00C9550A /* Assets.xcassets */,
				4FADF3B81D61ED3F00C9550A /* LaunchScreen.storyboard */,
				4FADF3BB1D61ED3F00C9550A /* Info.plist */,
			);
			name = "Support Files";
			sourceTree = "<group>";
		};
/* End PBXGroup section */

/* Begin PBXNativeTarget section */
		4FADF3AB1D61ED3F00C9550A /* Calculator */ = {
			isa = PBXNativeTarget;
			buildConfigurationList = 4FADF3BE1D61ED3F00C9550A /* Build configuration list for PBXNativeTarget "Calculator" */;
			buildPhases = (
				4FADF3A81D61ED3F00C9550A /* Sources */,
				4FADF3A91D61ED3F00C9550A /* Frameworks */,
				4FADF3AA1D61ED3F00C9550A /* Resources */,
			);
			buildRules = (
			);
			dependencies = (
			);
			name = Calculator;
			productName = Calculator;
			productReference = 4FADF3AC1D61ED3F00C9550A /* Calculator.app */;
			productType = "com.apple.product-type.application";
		};
/* End PBXNativeTarget section */

/* Begin PBXProject section */
		4FADF3A41D61ED3F00C9550A /* Project object */ = {
			isa = PBXProject;
			attributes = {
				LastSwiftUpdateCheck = 0730;
				LastUpgradeCheck = 0730;
				ORGANIZATIONNAME = el2Nil;
				TargetAttributes = {
					4FADF3AB1D61ED3F00C9550A = {
						CreatedOnToolsVersion = 7.3.1;
						DevelopmentTeam = ANP32MANBL;
					};
				};
			};
			buildConfigurationList = 4FADF3A71D61ED3F00C9550A /* Build configuration list for PBXProject "Calculator" */;
			compatibilityVersion = "Xcode 3.2";
			developmentRegion = English;
			hasScannedForEncodings = 0;
			knownRegions = (
				en,
				Base,
			);
			mainGroup = 4FADF3A31D61ED3F00C9550A;
			productRefGroup = 4FADF3AD1D61ED3F00C9550A /* Products */;
			projectDirPath = "";
			projectRoot = "";
			targets = (
				4FADF3AB1D61ED3F00C9550A /* Calculator */,
			);
		};
/* End PBXProject section */

/* Begin PBXResourcesBuildPhase section */
		4FADF3AA1D61ED3F00C9550A /* Resources */ = {
			isa = PBXResourcesBuildPhase;
			buildActionMask = 2147483647;
			files = (
				4FADF3BA1D61ED3F00C9550A /* LaunchScreen.storyboard in Resources */,
				4FADF3B71D61ED3F00C9550A /* Assets.xcassets in Resources */,
				4FADF3B51D61ED3F00C9550A /* Main.storyboard in Resources */,
			);
			runOnlyForDeploymentPostprocessing = 0;
		};
/* End PBXResourcesBuildPhase section */

/* Begin PBXSourcesBuildPhase section */
		4FADF3A81D61ED3F00C9550A /* Sources */ = {
			isa = PBXSourcesBuildPhase;
			buildActionMask = 2147483647;
			files = (
				4FADF3C31D62FADF00C9550A /* CalculatorBrain.swift in Sources */,
				4F3211F51D6F227500D4E7A5 /* AxesDrawer.swift in Sources */,
				4FADF3B21D61ED3F00C9550A /* ViewController.swift in Sources */,
				4FADF3B01D61ED3F00C9550A /* AppDelegate.swift in Sources */,
			);
			runOnlyForDeploymentPostprocessing = 0;
		};
/* End PBXSourcesBuildPhase section */

/* Begin PBXVariantGroup section */
		4FADF3B31D61ED3F00C9550A /* Main.storyboard */ = {
			isa = PBXVariantGroup;
			children = (
				4FADF3B41D61ED3F00C9550A /* Base */,
			);
			name = Main.storyboard;
			sourceTree = "<group>";
		};
		4FADF3B81D61ED3F00C9550A /* LaunchScreen.storyboard */ = {
			isa = PBXVariantGroup;
			children = (
				4FADF3B91D61ED3F00C9550A /* Base */,
			);
			name = LaunchScreen.storyboard;
			sourceTree = "<group>";
		};
/* End PBXVariantGroup section */

/* Begin XCBuildConfiguration section */
		4FADF3BC1D61ED3F00C9550A /* Debug */ = {
			isa = XCBuildConfiguration;
			buildSettings = {
				ALWAYS_SEARCH_USER_PATHS = NO;
				CLANG_ANALYZER_NONNULL = YES;
				CLANG_CXX_LANGUAGE_STANDARD = "gnu++0x";
				CLANG_CXX_LIBRARY = "libc++";
				CLANG_ENABLE_MODULES = YES;
				CLANG_ENABLE_OBJC_ARC = YES;
				CLANG_WARN_BOOL_CONVERSION = YES;
				CLANG_WARN_CONSTANT_CONVERSION = YES;
				CLANG_WARN_DIRECT_OBJC_ISA_USAGE = YES_ERROR;
				CLANG_WARN_EMPTY_BODY = YES;
				CLANG_WARN_ENUM_CONVERSION = YES;
				CLANG_WARN_INT_CONVERSION = YES;
				CLANG_WARN_OBJC_ROOT_CLASS = YES_ERROR;
				CLANG_WARN_UNREACHABLE_CODE = YES;
				CLANG_WARN__DUPLICATE_METHOD_MATCH = YES;
				"CODE_SIGN_IDENTITY[sdk=iphoneos*]" = "iPhone Developer";
				COPY_PHASE_STRIP = NO;
				DEBUG_INFORMATION_FORMAT = dwarf;
				ENABLE_STRICT_OBJC_MSGSEND = YES;
				ENABLE_TESTABILITY = YES;
				GCC_C_LANGUAGE_STANDARD = gnu99;
				GCC_DYNAMIC_NO_PIC = NO;
				GCC_NO_COMMON_BLOCKS = YES;
				GCC_OPTIMIZATION_LEVEL = 0;
				GCC_PREPROCESSOR_DEFINITIONS = (
					"DEBUG=1",
					"$(inherited)",
				);
				GCC_WARN_64_TO_32_BIT_CONVERSION = YES;
				GCC_WARN_ABOUT_RETURN_TYPE = YES_ERROR;
				GCC_WARN_UNDECLARED_SELECTOR = YES;
				GCC_WARN_UNINITIALIZED_AUTOS = YES_AGGRESSIVE;
				GCC_WARN_UNUSED_FUNCTION = YES;
				GCC_WARN_UNUSED_VARIABLE = YES;
				IPHONEOS_DEPLOYMENT_TARGET = 9.3;
				MTL_ENABLE_DEBUG_INFO = YES;
				ONLY_ACTIVE_ARCH = YES;
				SDKROOT = iphoneos;
				SWIFT_OPTIMIZATION_LEVEL = "-Onone";
				TARGETED_DEVICE_FAMILY = "1,2";
			};
			name = Debug;
		};
		4FADF3BD1D61ED3F00C9550A /* Release */ = {
			isa = XCBuildConfiguration;
			buildSettings = {
				ALWAYS_SEARCH_USER_PATHS = NO;
				CLANG_ANALYZER_NONNULL = YES;
				CLANG_CXX_LANGUAGE_STANDARD = "gnu++0x";
				CLANG_CXX_LIBRARY = "libc++";
				CLANG_ENABLE_MODULES = YES;
				CLANG_ENABLE_OBJC_ARC = YES;
				CLANG_WARN_BOOL_CONVERSION = YES;
				CLANG_WARN_CONSTANT_CONVERSION = YES;
				CLANG_WARN_DIRECT_OBJC_ISA_USAGE = YES_ERROR;
				CLANG_WARN_EMPTY_BODY = YES;
				CLANG_WARN_ENUM_CONVERSION = YES;
				CLANG_WARN_INT_CONVERSION = YES;
				CLANG_WARN_OBJC_ROOT_CLASS = YES_ERROR;
				CLANG_WARN_UNREACHABLE_CODE = YES;
				CLANG_WARN__DUPLICATE_METHOD_MATCH = YES;
				"CODE_SIGN_IDENTITY[sdk=iphoneos*]" = "iPhone Developer";
				COPY_PHASE_STRIP = NO;
				DEBUG_INFORMATION_FORMAT = "dwarf-with-dsym";
				ENABLE_NS_ASSERTIONS = NO;
				ENABLE_STRICT_OBJC_MSGSEND = YES;
				GCC_C_LANGUAGE_STANDARD = gnu99;
				GCC_NO_COMMON_BLOCKS = YES;
				GCC_WARN_64_TO_32_BIT_CONVERSION = YES;
				GCC_WARN_ABOUT_RETURN_TYPE = YES_ERROR;
				GCC_WARN_UNDECLARED_SELECTOR = YES;
				GCC_WARN_UNINITIALIZED_AUTOS = YES_AGGRESSIVE;
				GCC_WARN_UNUSED_FUNCTION = YES;
				GCC_WARN_UNUSED_VARIABLE = YES;
				IPHONEOS_DEPLOYMENT_TARGET = 9.3;
				MTL_ENABLE_DEBUG_INFO = NO;
				SDKROOT = iphoneos;
				TARGETED_DEVICE_FAMILY = "1,2";
				VALIDATE_PRODUCT = YES;
			};
			name = Release;
		};
		4FADF3BF1D61ED3F00C9550A /* Debug */ = {
			isa = XCBuildConfiguration;
			buildSettings = {
				ASSETCATALOG_COMPILER_APPICON_NAME = AppIcon;
				INFOPLIST_FILE = Calculator/Info.plist;
				LD_RUNPATH_SEARCH_PATHS = "$(inherited) @executable_path/Frameworks";
				PRODUCT_BUNDLE_IDENTIFIER = home.skynet.el2Nil.Calculator;
				PRODUCT_NAME = "$(TARGET_NAME)";
			};
			name = Debug;
		};
		4FADF3C01D61ED3F00C9550A /* Release */ = {
			isa = XCBuildConfiguration;
			buildSettings = {
				ASSETCATALOG_COMPILER_APPICON_NAME = AppIcon;
				INFOPLIST_FILE = Calculator/Info.plist;
				LD_RUNPATH_SEARCH_PATHS = "$(inherited) @executable_path/Frameworks";
				PRODUCT_BUNDLE_IDENTIFIER = home.skynet.el2Nil.Calculator;
				PRODUCT_NAME = "$(TARGET_NAME)";
			};
			name = Release;
		};
/* End XCBuildConfiguration section */

/* Begin XCConfigurationList section */
		4FADF3A71D61ED3F00C9550A /* Build configuration list for PBXProject "Calculator" */ = {
			isa = XCConfigurationList;
			buildConfigurations = (
				4FADF3BC1D61ED3F00C9550A /* Debug */,
				4FADF3BD1D61ED3F00C9550A /* Release */,
			);
			defaultConfigurationIsVisible = 0;
			defaultConfigurationName = Release;
		};
		4FADF3BE1D61ED3F00C9550A /* Build configuration list for PBXNativeTarget "Calculator" */ = {
			isa = XCConfigurationList;
			buildConfigurations = (
				4FADF3BF1D61ED3F00C9550A /* Debug */,
				4FADF3C01D61ED3F00C9550A /* Release */,
			);
			defaultConfigurationIsVisible = 0;
			defaultConfigurationName = Release;
		};
/* End XCConfigurationList section */
	};
	rootObject = 4FADF3A41D61ED3F00C9550A /* Project object */;
}
